PODS:
  - Expecta (0.2.4)
  - OCMock (2.2.3)
  - RKAuthClient (0.0.4):
    - RKAuthClient/Core
  - RKAuthClient/Core (0.0.4)
  - Specta (0.2.1)

DEPENDENCIES:
  - Expecta (~> 0.2.3)
  - OCMock (~> 2.2)
  - RKAuthClient (from `../`)
  - Specta (~> 0.2.1)

EXTERNAL SOURCES:
  RKAuthClient:
    :path: ../

SPEC CHECKSUMS:
  Expecta: 5c147dedfea5fbcf773995f7e65020abcc936ce5
  OCMock: 74e4ddbcef134170dcc844f91c691f13868075d7
  RKAuthClient: a3a560f37b4e2afc6d8318545a87f8cb8dc1c023
  Specta: 2d06220591110c6d9757d8be8ecf8e63aa40dc2a

COCOAPODS: 0.29.0
